
Microsoft Visual Studio Solution File, Format Version 11.00
# Visual Studio 2010
Project("{FAE04EC0-301F-11D3-BF4B-00C04F79EFBC}") = "webFingerprintGasCaqueta", "webFingerprintGasCaqueta\webFingerprintGasCaqueta.csproj", "{246337EF-2F5B-412D-84C1-2BEE9176EB1C}"
EndProject
Global
	GlobalSection(SolutionConfigurationPlatforms) = preSolution
		Debug|Any CPU = Debug|Any CPU
		Release|Any CPU = Release|Any CPU
	EndGlobalSection
	GlobalSection(ProjectConfigurationPlatforms) = postSolution
		{246337EF-2F5B-412D-84C1-2BEE9176EB1C}.Debug|Any CPU.ActiveCfg = Debug|Any CPU
		{246337EF-2F5B-412D-84C1-2BEE9176EB1C}.Debug|Any CPU.Build.0 = Debug|Any CPU
		{246337EF-2F5B-412D-84C1-2BEE9176EB1C}.Release|Any CPU.ActiveCfg = Release|Any CPU
		{246337EF-2F5B-412D-84C1-2BEE9176EB1C}.Release|Any CPU.Build.0 = Release|Any CPU
	EndGlobalSection
	GlobalSection(SolutionProperties) = preSolution
		HideSolutionNode = FALSE
	EndGlobalSection
EndGlobal
