
Microsoft Visual Studio Solution File, Format Version 12.00
# Visual Studio 14
VisualStudioVersion = 14.0.25420.1
MinimumVisualStudioVersion = 10.0.40219.1
Project("{FAE04EC0-301F-11D3-BF4B-00C04F79EFBC}") = "webFingerprintGasCaqueta", "webFingerprintGasCaqueta\webFingerprintGasCaqueta.csproj", "{246337EF-2F5B-412D-84C1-2BEE9176EB1C}"
EndProject
Global
	GlobalSection(SolutionConfigurationPlatforms) = preSolution
		Debug|Any CPU = Debug|Any CPU
		Debug|x64 = Debug|x64
		DebugProyect|Any CPU = DebugProyect|Any CPU
		DebugProyect|x64 = DebugProyect|x64
		Release|Any CPU = Release|Any CPU
		Release|x64 = Release|x64
	EndGlobalSection
	GlobalSection(ProjectConfigurationPlatforms) = postSolution
		{246337EF-2F5B-412D-84C1-2BEE9176EB1C}.Debug|Any CPU.ActiveCfg = Release|Any CPU
		{246337EF-2F5B-412D-84C1-2BEE9176EB1C}.Debug|Any CPU.Build.0 = Release|Any CPU
		{246337EF-2F5B-412D-84C1-2BEE9176EB1C}.Debug|x64.ActiveCfg = Debug|Any CPU
		{246337EF-2F5B-412D-84C1-2BEE9176EB1C}.Debug|x64.Build.0 = Debug|Any CPU
		{246337EF-2F5B-412D-84C1-2BEE9176EB1C}.DebugProyect|Any CPU.ActiveCfg = Release|Any CPU
		{246337EF-2F5B-412D-84C1-2BEE9176EB1C}.DebugProyect|Any CPU.Build.0 = Release|Any CPU
		{246337EF-2F5B-412D-84C1-2BEE9176EB1C}.DebugProyect|x64.ActiveCfg = DebugProyect|Any CPU
		{246337EF-2F5B-412D-84C1-2BEE9176EB1C}.DebugProyect|x64.Build.0 = DebugProyect|Any CPU
		{246337EF-2F5B-412D-84C1-2BEE9176EB1C}.Release|Any CPU.ActiveCfg = Release|Any CPU
		{246337EF-2F5B-412D-84C1-2BEE9176EB1C}.Release|Any CPU.Build.0 = Release|Any CPU
		{246337EF-2F5B-412D-84C1-2BEE9176EB1C}.Release|x64.ActiveCfg = Release|Any CPU
		{246337EF-2F5B-412D-84C1-2BEE9176EB1C}.Release|x64.Build.0 = Release|Any CPU
	EndGlobalSection
	GlobalSection(SolutionProperties) = preSolution
		HideSolutionNode = FALSE
	EndGlobalSection
EndGlobal
